// !$*UTF8*$!
{
	archiveVersion = 1;
	classes = {
	};
	objectVersion = 48;
	objects = {

/* Begin PBXBuildFile section */
		6F94C553205F4C6D00145FB0 /* AddItemTableViewContollerDelegate.swift in Sources */ = {isa = PBXBuildFile; fileRef = 6F94C552205F4C6D00145FB0 /* AddItemTableViewContollerDelegate.swift */; };
		6FD42EA0205F276E0021A91C /* AppDelegate.swift in Sources */ = {isa = PBXBuildFile; fileRef = 6FD42E9F205F276E0021A91C /* AppDelegate.swift */; };
		6FD42EA2205F276E0021A91C /* BucketListViewController.swift in Sources */ = {isa = PBXBuildFile; fileRef = 6FD42EA1205F276E0021A91C /* BucketListViewController.swift */; };
		6FD42EA5205F276E0021A91C /* Main.storyboard in Resources */ = {isa = PBXBuildFile; fileRef = 6FD42EA3205F276E0021A91C /* Main.storyboard */; };
		6FD42EA8205F276E0021A91C /* My_New_Bucket_List.xcdatamodeld in Sources */ = {isa = PBXBuildFile; fileRef = 6FD42EA6205F276E0021A91C /* My_New_Bucket_List.xcdatamodeld */; };
		6FD42EAA205F276E0021A91C /* Assets.xcassets in Resources */ = {isa = PBXBuildFile; fileRef = 6FD42EA9205F276E0021A91C /* Assets.xcassets */; };
		6FD42EAD205F276E0021A91C /* LaunchScreen.storyboard in Resources */ = {isa = PBXBuildFile; fileRef = 6FD42EAB205F276E0021A91C /* LaunchScreen.storyboard */; };
		6FD42EB8205F276F0021A91C /* My_New_Bucket_ListTests.swift in Sources */ = {isa = PBXBuildFile; fileRef = 6FD42EB7205F276F0021A91C /* My_New_Bucket_ListTests.swift */; };
		6FD42EC3205F276F0021A91C /* My_New_Bucket_ListUITests.swift in Sources */ = {isa = PBXBuildFile; fileRef = 6FD42EC2205F276F0021A91C /* My_New_Bucket_ListUITests.swift */; };
		6FD42ED1205F49760021A91C /* AddItemTableViewController.swift in Sources */ = {isa = PBXBuildFile; fileRef = 6FD42ED0205F49760021A91C /* AddItemTableViewController.swift */; };
/* End PBXBuildFile section */

/* Begin PBXContainerItemProxy section */
		6FD42EB4205F276F0021A91C /* PBXContainerItemProxy */ = {
			isa = PBXContainerItemProxy;
			containerPortal = 6FD42E94205F276E0021A91C /* Project object */;
			proxyType = 1;
			remoteGlobalIDString = 6FD42E9B205F276E0021A91C;
			remoteInfo = "My New Bucket List";
		};
		6FD42EBF205F276F0021A91C /* PBXContainerItemProxy */ = {
			isa = PBXContainerItemProxy;
			containerPortal = 6FD42E94205F276E0021A91C /* Project object */;
			proxyType = 1;
			remoteGlobalIDString = 6FD42E9B205F276E0021A91C;
			remoteInfo = "My New Bucket List";
		};
/* End PBXContainerItemProxy section */

/* Begin PBXFileReference section */
		6F94C552205F4C6D00145FB0 /* AddItemTableViewContollerDelegate.swift */ = {isa = PBXFileReference; lastKnownFileType = sourcecode.swift; path = AddItemTableViewContollerDelegate.swift; sourceTree = "<group>"; };
		6FD42E9C205F276E0021A91C /* My New Bucket List.app */ = {isa = PBXFileReference; explicitFileType = wrapper.application; includeInIndex = 0; path = "My New Bucket List.app"; sourceTree = BUILT_PRODUCTS_DIR; };
		6FD42E9F205F276E0021A91C /* AppDelegate.swift */ = {isa = PBXFileReference; lastKnownFileType = sourcecode.swift; path = AppDelegate.swift; sourceTree = "<group>"; };
		6FD42EA1205F276E0021A91C /* BucketListViewController.swift */ = {isa = PBXFileReference; lastKnownFileType = sourcecode.swift; path = BucketListViewController.swift; sourceTree = "<group>"; };
		6FD42EA4205F276E0021A91C /* Base */ = {isa = PBXFileReference; lastKnownFileType = file.storyboard; name = Base; path = Base.lproj/Main.storyboard; sourceTree = "<group>"; };
		6FD42EA7205F276E0021A91C /* My_New_Bucket_List.xcdatamodel */ = {isa = PBXFileReference; lastKnownFileType = wrapper.xcdatamodel; path = My_New_Bucket_List.xcdatamodel; sourceTree = "<group>"; };
		6FD42EA9205F276E0021A91C /* Assets.xcassets */ = {isa = PBXFileReference; lastKnownFileType = folder.assetcatalog; path = Assets.xcassets; sourceTree = "<group>"; };
		6FD42EAC205F276E0021A91C /* Base */ = {isa = PBXFileReference; lastKnownFileType = file.storyboard; name = Base; path = Base.lproj/LaunchScreen.storyboard; sourceTree = "<group>"; };
		6FD42EAE205F276F0021A91C /* Info.plist */ = {isa = PBXFileReference; lastKnownFileType = text.plist.xml; path = Info.plist; sourceTree = "<group>"; };
		6FD42EB3205F276F0021A91C /* My New Bucket ListTests.xctest */ = {isa = PBXFileReference; explicitFileType = wrapper.cfbundle; includeInIndex = 0; path = "My New Bucket ListTests.xctest"; sourceTree = BUILT_PRODUCTS_DIR; };
		6FD42EB7205F276F0021A91C /* My_New_Bucket_ListTests.swift */ = {isa = PBXFileReference; lastKnownFileType = sourcecode.swift; path = My_New_Bucket_ListTests.swift; sourceTree = "<group>"; };
		6FD42EB9205F276F0021A91C /* Info.plist */ = {isa = PBXFileReference; lastKnownFileType = text.plist.xml; path = Info.plist; sourceTree = "<group>"; };
		6FD42EBE205F276F0021A91C /* My New Bucket ListUITests.xctest */ = {isa = PBXFileReference; explicitFileType = wrapper.cfbundle; includeInIndex = 0; path = "My New Bucket ListUITests.xctest"; sourceTree = BUILT_PRODUCTS_DIR; };
		6FD42EC2205F276F0021A91C /* My_New_Bucket_ListUITests.swift */ = {isa = PBXFileReference; lastKnownFileType = sourcecode.swift; path = My_New_Bucket_ListUITests.swift; sourceTree = "<group>"; };
		6FD42EC4205F276F0021A91C /* Info.plist */ = {isa = PBXFileReference; lastKnownFileType = text.plist.xml; path = Info.plist; sourceTree = "<group>"; };
		6FD42ED0205F49760021A91C /* AddItemTableViewController.swift */ = {isa = PBXFileReference; lastKnownFileType = sourcecode.swift; path = AddItemTableViewController.swift; sourceTree = "<group>"; };
/* End PBXFileReference section */

/* Begin PBXFrameworksBuildPhase section */
		6FD42E99205F276E0021A91C /* Frameworks */ = {
			isa = PBXFrameworksBuildPhase;
			buildActionMask = 2147483647;
			files = (
			);
			runOnlyForDeploymentPostprocessing = 0;
		};
		6FD42EB0205F276F0021A91C /* Frameworks */ = {
			isa = PBXFrameworksBuildPhase;
			buildActionMask = 2147483647;
			files = (
			);
			runOnlyForDeploymentPostprocessing = 0;
		};
		6FD42EBB205F276F0021A91C /* Frameworks */ = {
			isa = PBXFrameworksBuildPhase;
			buildActionMask = 2147483647;
			files = (
			);
			runOnlyForDeploymentPostprocessing = 0;
		};
/* End PBXFrameworksBuildPhase section */

/* Begin PBXGroup section */
		6FD42E93205F276E0021A91C = {
			isa = PBXGroup;
			children = (
				6FD42E9E205F276E0021A91C /* My New Bucket List */,
				6FD42EB6205F276F0021A91C /* My New Bucket ListTests */,
				6FD42EC1205F276F0021A91C /* My New Bucket ListUITests */,
				6FD42E9D205F276E0021A91C /* Products */,
			);
			sourceTree = "<group>";
		};
		6FD42E9D205F276E0021A91C /* Products */ = {
			isa = PBXGroup;
			children = (
				6FD42E9C205F276E0021A91C /* My New Bucket List.app */,
				6FD42EB3205F276F0021A91C /* My New Bucket ListTests.xctest */,
				6FD42EBE205F276F0021A91C /* My New Bucket ListUITests.xctest */,
			);
			name = Products;
			sourceTree = "<group>";
		};
		6FD42E9E205F276E0021A91C /* My New Bucket List */ = {
			isa = PBXGroup;
			children = (
				6FD42E9F205F276E0021A91C /* AppDelegate.swift */,
				6FD42EA1205F276E0021A91C /* BucketListViewController.swift */,
				6F94C552205F4C6D00145FB0 /* AddItemTableViewContollerDelegate.swift */,
				6FD42EA3205F276E0021A91C /* Main.storyboard */,
				6FD42ED0205F49760021A91C /* AddItemTableViewController.swift */,
				6FD42EA9205F276E0021A91C /* Assets.xcassets */,
				6FD42EAB205F276E0021A91C /* LaunchScreen.storyboard */,
				6FD42EAE205F276F0021A91C /* Info.plist */,
				6FD42EA6205F276E0021A91C /* My_New_Bucket_List.xcdatamodeld */,
			);
			path = "My New Bucket List";
			sourceTree = "<group>";
		};
		6FD42EB6205F276F0021A91C /* My New Bucket ListTests */ = {
			isa = PBXGroup;
			children = (
				6FD42EB7205F276F0021A91C /* My_New_Bucket_ListTests.swift */,
				6FD42EB9205F276F0021A91C /* Info.plist */,
			);
			path = "My New Bucket ListTests";
			sourceTree = "<group>";
		};
		6FD42EC1205F276F0021A91C /* My New Bucket ListUITests */ = {
			isa = PBXGroup;
			children = (
				6FD42EC2205F276F0021A91C /* My_New_Bucket_ListUITests.swift */,
				6FD42EC4205F276F0021A91C /* Info.plist */,
			);
			path = "My New Bucket ListUITests";
			sourceTree = "<group>";
		};
/* End PBXGroup section */

/* Begin PBXNativeTarget section */
		6FD42E9B205F276E0021A91C /* My New Bucket List */ = {
			isa = PBXNativeTarget;
			buildConfigurationList = 6FD42EC7205F276F0021A91C /* Build configuration list for PBXNativeTarget "My New Bucket List" */;
			buildPhases = (
				6FD42E98205F276E0021A91C /* Sources */,
				6FD42E99205F276E0021A91C /* Frameworks */,
				6FD42E9A205F276E0021A91C /* Resources */,
			);
			buildRules = (
			);
			dependencies = (
			);
			name = "My New Bucket List";
			productName = "My New Bucket List";
			productReference = 6FD42E9C205F276E0021A91C /* My New Bucket List.app */;
			productType = "com.apple.product-type.application";
		};
		6FD42EB2205F276F0021A91C /* My New Bucket ListTests */ = {
			isa = PBXNativeTarget;
			buildConfigurationList = 6FD42ECA205F276F0021A91C /* Build configuration list for PBXNativeTarget "My New Bucket ListTests" */;
			buildPhases = (
				6FD42EAF205F276F0021A91C /* Sources */,
				6FD42EB0205F276F0021A91C /* Frameworks */,
				6FD42EB1205F276F0021A91C /* Resources */,
			);
			buildRules = (
			);
			dependencies = (
				6FD42EB5205F276F0021A91C /* PBXTargetDependency */,
			);
			name = "My New Bucket ListTests";
			productName = "My New Bucket ListTests";
			productReference = 6FD42EB3205F276F0021A91C /* My New Bucket ListTests.xctest */;
			productType = "com.apple.product-type.bundle.unit-test";
		};
		6FD42EBD205F276F0021A91C /* My New Bucket ListUITests */ = {
			isa = PBXNativeTarget;
			buildConfigurationList = 6FD42ECD205F276F0021A91C /* Build configuration list for PBXNativeTarget "My New Bucket ListUITests" */;
			buildPhases = (
				6FD42EBA205F276F0021A91C /* Sources */,
				6FD42EBB205F276F0021A91C /* Frameworks */,
				6FD42EBC205F276F0021A91C /* Resources */,
			);
			buildRules = (
			);
			dependencies = (
				6FD42EC0205F276F0021A91C /* PBXTargetDependency */,
			);
			name = "My New Bucket ListUITests";
			productName = "My New Bucket ListUITests";
			productReference = 6FD42EBE205F276F0021A91C /* My New Bucket ListUITests.xctest */;
			productType = "com.apple.product-type.bundle.ui-testing";
		};
/* End PBXNativeTarget section */

/* Begin PBXProject section */
		6FD42E94205F276E0021A91C /* Project object */ = {
			isa = PBXProject;
			attributes = {
				LastSwiftUpdateCheck = 0920;
				LastUpgradeCheck = 0920;
				ORGANIZATIONNAME = "Ian Yang";
				TargetAttributes = {
					6FD42E9B205F276E0021A91C = {
						CreatedOnToolsVersion = 9.2;
						ProvisioningStyle = Automatic;
					};
					6FD42EB2205F276F0021A91C = {
						CreatedOnToolsVersion = 9.2;
						ProvisioningStyle = Automatic;
						TestTargetID = 6FD42E9B205F276E0021A91C;
					};
					6FD42EBD205F276F0021A91C = {
						CreatedOnToolsVersion = 9.2;
						ProvisioningStyle = Automatic;
						TestTargetID = 6FD42E9B205F276E0021A91C;
					};
				};
			};
			buildConfigurationList = 6FD42E97205F276E0021A91C /* Build configuration list for PBXProject "My New Bucket List" */;
			compatibilityVersion = "Xcode 8.0";
			developmentRegion = en;
			hasScannedForEncodings = 0;
			knownRegions = (
				en,
				Base,
			);
			mainGroup = 6FD42E93205F276E0021A91C;
			productRefGroup = 6FD42E9D205F276E0021A91C /* Products */;
			projectDirPath = "";
			projectRoot = "";
			targets = (
				6FD42E9B205F276E0021A91C /* My New Bucket List */,
				6FD42EB2205F276F0021A91C /* My New Bucket ListTests */,
				6FD42EBD205F276F0021A91C /* My New Bucket ListUITests */,
			);
		};
/* End PBXProject section */

/* Begin PBXResourcesBuildPhase section */
		6FD42E9A205F276E0021A91C /* Resources */ = {
			isa = PBXResourcesBuildPhase;
			buildActionMask = 2147483647;
			files = (
				6FD42EAD205F276E0021A91C /* LaunchScreen.storyboard in Resources */,
				6FD42EAA205F276E0021A91C /* Assets.xcassets in Resources */,
				6FD42EA5205F276E0021A91C /* Main.storyboard in Resources */,
			);
			runOnlyForDeploymentPostprocessing = 0;
		};
		6FD42EB1205F276F0021A91C /* Resources */ = {
			isa = PBXResourcesBuildPhase;
			buildActionMask = 2147483647;
			files = (
			);
			runOnlyForDeploymentPostprocessing = 0;
		};
		6FD42EBC205F276F0021A91C /* Resources */ = {
			isa = PBXResourcesBuildPhase;
			buildActionMask = 2147483647;
			files = (
			);
			runOnlyForDeploymentPostprocessing = 0;
		};
/* End PBXResourcesBuildPhase section */

/* Begin PBXSourcesBuildPhase section */
		6FD42E98205F276E0021A91C /* Sources */ = {
			isa = PBXSourcesBuildPhase;
			buildActionMask = 2147483647;
			files = (
				6FD42ED1205F49760021A91C /* AddItemTableViewController.swift in Sources */,
				6FD42EA2205F276E0021A91C /* BucketListViewController.swift in Sources */,
				6FD42EA0205F276E0021A91C /* AppDelegate.swift in Sources */,
				6FD42EA8205F276E0021A91C /* My_New_Bucket_List.xcdatamodeld in Sources */,
				6F94C553205F4C6D00145FB0 /* AddItemTableViewContollerDelegate.swift in Sources */,
			);
			runOnlyForDeploymentPostprocessing = 0;
		};
		6FD42EAF205F276F0021A91C /* Sources */ = {
			isa = PBXSourcesBuildPhase;
			buildActionMask = 2147483647;
			files = (
				6FD42EB8205F276F0021A91C /* My_New_Bucket_ListTests.swift in Sources */,
			);
			runOnlyForDeploymentPostprocessing = 0;
		};
		6FD42EBA205F276F0021A91C /* Sources */ = {
			isa = PBXSourcesBuildPhase;
			buildActionMask = 2147483647;
			files = (
				6FD42EC3205F276F0021A91C /* My_New_Bucket_ListUITests.swift in Sources */,
			);
			runOnlyForDeploymentPostprocessing = 0;
		};
/* End PBXSourcesBuildPhase section */

/* Begin PBXTargetDependency section */
		6FD42EB5205F276F0021A91C /* PBXTargetDependency */ = {
			isa = PBXTargetDependency;
			target = 6FD42E9B205F276E0021A91C /* My New Bucket List */;
			targetProxy = 6FD42EB4205F276F0021A91C /* PBXContainerItemProxy */;
		};
		6FD42EC0205F276F0021A91C /* PBXTargetDependency */ = {
			isa = PBXTargetDependency;
			target = 6FD42E9B205F276E0021A91C /* My New Bucket List */;
			targetProxy = 6FD42EBF205F276F0021A91C /* PBXContainerItemProxy */;
		};
/* End PBXTargetDependency section */

/* Begin PBXVariantGroup section */
		6FD42EA3205F276E0021A91C /* Main.storyboard */ = {
			isa = PBXVariantGroup;
			children = (
				6FD42EA4205F276E0021A91C /* Base */,
			);
			name = Main.storyboard;
			sourceTree = "<group>";
		};
		6FD42EAB205F276E0021A91C /* LaunchScreen.storyboard */ = {
			isa = PBXVariantGroup;
			children = (
				6FD42EAC205F276E0021A91C /* Base */,
			);
			name = LaunchScreen.storyboard;
			sourceTree = "<group>";
		};
/* End PBXVariantGroup section */

/* Begin XCBuildConfiguration section */
		6FD42EC5205F276F0021A91C /* Debug */ = {
			isa = XCBuildConfiguration;
			buildSettings = {
				ALWAYS_SEARCH_USER_PATHS = NO;
				CLANG_ANALYZER_NONNULL = YES;
				CLANG_ANALYZER_NUMBER_OBJECT_CONVERSION = YES_AGGRESSIVE;
				CLANG_CXX_LANGUAGE_STANDARD = "gnu++14";
				CLANG_CXX_LIBRARY = "libc++";
				CLANG_ENABLE_MODULES = YES;
				CLANG_ENABLE_OBJC_ARC = YES;
				CLANG_WARN_BLOCK_CAPTURE_AUTORELEASING = YES;
				CLANG_WARN_BOOL_CONVERSION = YES;
				CLANG_WARN_COMMA = YES;
				CLANG_WARN_CONSTANT_CONVERSION = YES;
				CLANG_WARN_DIRECT_OBJC_ISA_USAGE = YES_ERROR;
				CLANG_WARN_DOCUMENTATION_COMMENTS = YES;
				CLANG_WARN_EMPTY_BODY = YES;
				CLANG_WARN_ENUM_CONVERSION = YES;
				CLANG_WARN_INFINITE_RECURSION = YES;
				CLANG_WARN_INT_CONVERSION = YES;
				CLANG_WARN_NON_LITERAL_NULL_CONVERSION = YES;
				CLANG_WARN_OBJC_LITERAL_CONVERSION = YES;
				CLANG_WARN_OBJC_ROOT_CLASS = YES_ERROR;
				CLANG_WARN_RANGE_LOOP_ANALYSIS = YES;
				CLANG_WARN_STRICT_PROTOTYPES = YES;
				CLANG_WARN_SUSPICIOUS_MOVE = YES;
				CLANG_WARN_UNGUARDED_AVAILABILITY = YES_AGGRESSIVE;
				CLANG_WARN_UNREACHABLE_CODE = YES;
				CLANG_WARN__DUPLICATE_METHOD_MATCH = YES;
				CODE_SIGN_IDENTITY = "iPhone Developer";
				COPY_PHASE_STRIP = NO;
				DEBUG_INFORMATION_FORMAT = dwarf;
				ENABLE_STRICT_OBJC_MSGSEND = YES;
				ENABLE_TESTABILITY = YES;
				GCC_C_LANGUAGE_STANDARD = gnu11;
				GCC_DYNAMIC_NO_PIC = NO;
				GCC_NO_COMMON_BLOCKS = YES;
				GCC_OPTIMIZATION_LEVEL = 0;
				GCC_PREPROCESSOR_DEFINITIONS = (
					"DEBUG=1",
					"$(inherited)",
				);
				GCC_WARN_64_TO_32_BIT_CONVERSION = YES;
				GCC_WARN_ABOUT_RETURN_TYPE = YES_ERROR;
				GCC_WARN_UNDECLARED_SELECTOR = YES;
				GCC_WARN_UNINITIALIZED_AUTOS = YES_AGGRESSIVE;
				GCC_WARN_UNUSED_FUNCTION = YES;
				GCC_WARN_UNUSED_VARIABLE = YES;
				IPHONEOS_DEPLOYMENT_TARGET = 11.2;
				MTL_ENABLE_DEBUG_INFO = YES;
				ONLY_ACTIVE_ARCH = YES;
				SDKROOT = iphoneos;
				SWIFT_ACTIVE_COMPILATION_CONDITIONS = DEBUG;
				SWIFT_OPTIMIZATION_LEVEL = "-Onone";
			};
			name = Debug;
		};
		6FD42EC6205F276F0021A91C /* Release */ = {
			isa = XCBuildConfiguration;
			buildSettings = {
				ALWAYS_SEARCH_USER_PATHS = NO;
				CLANG_ANALYZER_NONNULL = YES;
				CLANG_ANALYZER_NUMBER_OBJECT_CONVERSION = YES_AGGRESSIVE;
				CLANG_CXX_LANGUAGE_STANDARD = "gnu++14";
				CLANG_CXX_LIBRARY = "libc++";
				CLANG_ENABLE_MODULES = YES;
				CLANG_ENABLE_OBJC_ARC = YES;
				CLANG_WARN_BLOCK_CAPTURE_AUTORELEASING = YES;
				CLANG_WARN_BOOL_CONVERSION = YES;
				CLANG_WARN_COMMA = YES;
				CLANG_WARN_CONSTANT_CONVERSION = YES;
				CLANG_WARN_DIRECT_OBJC_ISA_USAGE = YES_ERROR;
				CLANG_WARN_DOCUMENTATION_COMMENTS = YES;
				CLANG_WARN_EMPTY_BODY = YES;
				CLANG_WARN_ENUM_CONVERSION = YES;
				CLANG_WARN_INFINITE_RECURSION = YES;
				CLANG_WARN_INT_CONVERSION = YES;
				CLANG_WARN_NON_LITERAL_NULL_CONVERSION = YES;
				CLANG_WARN_OBJC_LITERAL_CONVERSION = YES;
				CLANG_WARN_OBJC_ROOT_CLASS = YES_ERROR;
				CLANG_WARN_RANGE_LOOP_ANALYSIS = YES;
				CLANG_WARN_STRICT_PROTOTYPES = YES;
				CLANG_WARN_SUSPICIOUS_MOVE = YES;
				CLANG_WARN_UNGUARDED_AVAILABILITY = YES_AGGRESSIVE;
				CLANG_WARN_UNREACHABLE_CODE = YES;
				CLANG_WARN__DUPLICATE_METHOD_MATCH = YES;
				CODE_SIGN_IDENTITY = "iPhone Developer";
				COPY_PHASE_STRIP = NO;
				DEBUG_INFORMATION_FORMAT = "dwarf-with-dsym";
				ENABLE_NS_ASSERTIONS = NO;
				ENABLE_STRICT_OBJC_MSGSEND = YES;
				GCC_C_LANGUAGE_STANDARD = gnu11;
				GCC_NO_COMMON_BLOCKS = YES;
				GCC_WARN_64_TO_32_BIT_CONVERSION = YES;
				GCC_WARN_ABOUT_RETURN_TYPE = YES_ERROR;
				GCC_WARN_UNDECLARED_SELECTOR = YES;
				GCC_WARN_UNINITIALIZED_AUTOS = YES_AGGRESSIVE;
				GCC_WARN_UNUSED_FUNCTION = YES;
				GCC_WARN_UNUSED_VARIABLE = YES;
				IPHONEOS_DEPLOYMENT_TARGET = 11.2;
				MTL_ENABLE_DEBUG_INFO = NO;
				SDKROOT = iphoneos;
				SWIFT_OPTIMIZATION_LEVEL = "-Owholemodule";
				VALIDATE_PRODUCT = YES;
			};
			name = Release;
		};
		6FD42EC8205F276F0021A91C /* Debug */ = {
			isa = XCBuildConfiguration;
			buildSettings = {
				ASSETCATALOG_COMPILER_APPICON_NAME = AppIcon;
				CODE_SIGN_STYLE = Automatic;
				INFOPLIST_FILE = "My New Bucket List/Info.plist";
				LD_RUNPATH_SEARCH_PATHS = "$(inherited) @executable_path/Frameworks";
				PRODUCT_BUNDLE_IDENTIFIER = "com.mycompany.My-New-Bucket-List";
				PRODUCT_NAME = "$(TARGET_NAME)";
				SWIFT_VERSION = 4.0;
				TARGETED_DEVICE_FAMILY = "1,2";
			};
			name = Debug;
		};
		6FD42EC9205F276F0021A91C /* Release */ = {
			isa = XCBuildConfiguration;
			buildSettings = {
				ASSETCATALOG_COMPILER_APPICON_NAME = AppIcon;
				CODE_SIGN_STYLE = Automatic;
				INFOPLIST_FILE = "My New Bucket List/Info.plist";
				LD_RUNPATH_SEARCH_PATHS = "$(inherited) @executable_path/Frameworks";
				PRODUCT_BUNDLE_IDENTIFIER = "com.mycompany.My-New-Bucket-List";
				PRODUCT_NAME = "$(TARGET_NAME)";
				SWIFT_VERSION = 4.0;
				TARGETED_DEVICE_FAMILY = "1,2";
			};
			name = Release;
		};
		6FD42ECB205F276F0021A91C /* Debug */ = {
			isa = XCBuildConfiguration;
			buildSettings = {
				ALWAYS_EMBED_SWIFT_STANDARD_LIBRARIES = YES;
				BUNDLE_LOADER = "$(TEST_HOST)";
				CODE_SIGN_STYLE = Automatic;
				INFOPLIST_FILE = "My New Bucket ListTests/Info.plist";
				LD_RUNPATH_SEARCH_PATHS = "$(inherited) @executable_path/Frameworks @loader_path/Frameworks";
				PRODUCT_BUNDLE_IDENTIFIER = "com.mycompany.My-New-Bucket-ListTests";
				PRODUCT_NAME = "$(TARGET_NAME)";
				SWIFT_VERSION = 4.0;
				TARGETED_DEVICE_FAMILY = "1,2";
				TEST_HOST = "$(BUILT_PRODUCTS_DIR)/My New Bucket List.app/My New Bucket List";
			};
			name = Debug;
		};
		6FD42ECC205F276F0021A91C /* Release */ = {
			isa = XCBuildConfiguration;
			buildSettings = {
				ALWAYS_EMBED_SWIFT_STANDARD_LIBRARIES = YES;
				BUNDLE_LOADER = "$(TEST_HOST)";
				CODE_SIGN_STYLE = Automatic;
				INFOPLIST_FILE = "My New Bucket ListTests/Info.plist";
				LD_RUNPATH_SEARCH_PATHS = "$(inherited) @executable_path/Frameworks @loader_path/Frameworks";
				PRODUCT_BUNDLE_IDENTIFIER = "com.mycompany.My-New-Bucket-ListTests";
				PRODUCT_NAME = "$(TARGET_NAME)";
				SWIFT_VERSION = 4.0;
				TARGETED_DEVICE_FAMILY = "1,2";
				TEST_HOST = "$(BUILT_PRODUCTS_DIR)/My New Bucket List.app/My New Bucket List";
			};
			name = Release;
		};
		6FD42ECE205F276F0021A91C /* Debug */ = {
			isa = XCBuildConfiguration;
			buildSettings = {
				ALWAYS_EMBED_SWIFT_STANDARD_LIBRARIES = YES;
				CODE_SIGN_STYLE = Automatic;
				INFOPLIST_FILE = "My New Bucket ListUITests/Info.plist";
				LD_RUNPATH_SEARCH_PATHS = "$(inherited) @executable_path/Frameworks @loader_path/Frameworks";
				PRODUCT_BUNDLE_IDENTIFIER = "com.mycompany.My-New-Bucket-ListUITests";
				PRODUCT_NAME = "$(TARGET_NAME)";
				SWIFT_VERSION = 4.0;
				TARGETED_DEVICE_FAMILY = "1,2";
				TEST_TARGET_NAME = "My New Bucket List";
			};
			name = Debug;
		};
		6FD42ECF205F276F0021A91C /* Release */ = {
			isa = XCBuildConfiguration;
			buildSettings = {
				ALWAYS_EMBED_SWIFT_STANDARD_LIBRARIES = YES;
				CODE_SIGN_STYLE = Automatic;
				INFOPLIST_FILE = "My New Bucket ListUITests/Info.plist";
				LD_RUNPATH_SEARCH_PATHS = "$(inherited) @executable_path/Frameworks @loader_path/Frameworks";
				PRODUCT_BUNDLE_IDENTIFIER = "com.mycompany.My-New-Bucket-ListUITests";
				PRODUCT_NAME = "$(TARGET_NAME)";
				SWIFT_VERSION = 4.0;
				TARGETED_DEVICE_FAMILY = "1,2";
				TEST_TARGET_NAME = "My New Bucket List";
			};
			name = Release;
		};
/* End XCBuildConfiguration section */

/* Begin XCConfigurationList section */
		6FD42E97205F276E0021A91C /* Build configuration list for PBXProject "My New Bucket List" */ = {
			isa = XCConfigurationList;
			buildConfigurations = (
				6FD42EC5205F276F0021A91C /* Debug */,
				6FD42EC6205F276F0021A91C /* Release */,
			);
			defaultConfigurationIsVisible = 0;
			defaultConfigurationName = Release;
		};
		6FD42EC7205F276F0021A91C /* Build configuration list for PBXNativeTarget "My New Bucket List" */ = {
			isa = XCConfigurationList;
			buildConfigurations = (
				6FD42EC8205F276F0021A91C /* Debug */,
				6FD42EC9205F276F0021A91C /* Release */,
			);
			defaultConfigurationIsVisible = 0;
			defaultConfigurationName = Release;
		};
		6FD42ECA205F276F0021A91C /* Build configuration list for PBXNativeTarget "My New Bucket ListTests" */ = {
			isa = XCConfigurationList;
			buildConfigurations = (
				6FD42ECB205F276F0021A91C /* Debug */,
				6FD42ECC205F276F0021A91C /* Release */,
			);
			defaultConfigurationIsVisible = 0;
			defaultConfigurationName = Release;
		};
		6FD42ECD205F276F0021A91C /* Build configuration list for PBXNativeTarget "My New Bucket ListUITests" */ = {
			isa = XCConfigurationList;
			buildConfigurations = (
				6FD42ECE205F276F0021A91C /* Debug */,
				6FD42ECF205F276F0021A91C /* Release */,
			);
			defaultConfigurationIsVisible = 0;
			defaultConfigurationName = Release;
		};
/* End XCConfigurationList section */

/* Begin XCVersionGroup section */
		6FD42EA6205F276E0021A91C /* My_New_Bucket_List.xcdatamodeld */ = {
			isa = XCVersionGroup;
			children = (
				6FD42EA7205F276E0021A91C /* My_New_Bucket_List.xcdatamodel */,
			);
			currentVersion = 6FD42EA7205F276E0021A91C /* My_New_Bucket_List.xcdatamodel */;
			path = My_New_Bucket_List.xcdatamodeld;
			sourceTree = "<group>";
			versionGroupType = wrapper.xcdatamodel;
		};
/* End XCVersionGroup section */
	};
	rootObject = 6FD42E94205F276E0021A91C /* Project object */;
}
